
Microsoft Visual Studio Solution File, Format Version 12.00
# Visual Studio Version 17
VisualStudioVersion = 17.4.33213.308
MinimumVisualStudioVersion = 10.0.40219.1
Project("{FAE04EC0-301F-11D3-BF4B-00C04F79EFBC}") = "DataFlow_TBL", "DataFlow_TBL\DataFlow_TBL.csproj", "{C2E98E69-AF24-49E4-A864-A8BAC440C6B0}"
EndProject
Project("{FAE04EC0-301F-11D3-BF4B-00C04F79EFBC}") = "DataFlowActions", "DataFlowActions\DataFlowActions.csproj", "{95ECC155-5FDB-46B3-968B-58D571465EA6}"
EndProject
Global
	GlobalSection(SolutionConfigurationPlatforms) = preSolution
		Debug|Any CPU = Debug|Any CPU
		Release|Any CPU = Release|Any CPU
	EndGlobalSection
	GlobalSection(ProjectConfigurationPlatforms) = postSolution
		{C2E98E69-AF24-49E4-A864-A8BAC440C6B0}.Debug|Any CPU.ActiveCfg = Debug|Any CPU
		{C2E98E69-AF24-49E4-A864-A8BAC440C6B0}.Debug|Any CPU.Build.0 = Debug|Any CPU
		{C2E98E69-AF24-49E4-A864-A8BAC440C6B0}.Release|Any CPU.ActiveCfg = Release|Any CPU
		{C2E98E69-AF24-49E4-A864-A8BAC440C6B0}.Release|Any CPU.Build.0 = Release|Any CPU
		{95ECC155-5FDB-46B3-968B-58D571465EA6}.Debug|Any CPU.ActiveCfg = Debug|Any CPU
		{95ECC155-5FDB-46B3-968B-58D571465EA6}.Debug|Any CPU.Build.0 = Debug|Any CPU
		{95ECC155-5FDB-46B3-968B-58D571465EA6}.Release|Any CPU.ActiveCfg = Release|Any CPU
		{95ECC155-5FDB-46B3-968B-58D571465EA6}.Release|Any CPU.Build.0 = Release|Any CPU
	EndGlobalSection
	GlobalSection(SolutionProperties) = preSolution
		HideSolutionNode = FALSE
	EndGlobalSection
	GlobalSection(ExtensibilityGlobals) = postSolution
		SolutionGuid = {A9AECFEB-6FDD-4C4A-81AF-5F41A01887BA}
	EndGlobalSection
EndGlobal
